// !$*UTF8*$!
{
	archiveVersion = 1;
	classes = {
	};
	objectVersion = 50;
	objects = {

/* Begin PBXBuildFile section */
		782AC71326F20D98009F3E75 /* AppDelegate.swift in Sources */ = {isa = PBXBuildFile; fileRef = 782AC71226F20D98009F3E75 /* AppDelegate.swift */; };
		782AC71526F20D98009F3E75 /* SceneDelegate.swift in Sources */ = {isa = PBXBuildFile; fileRef = 782AC71426F20D98009F3E75 /* SceneDelegate.swift */; };
		782AC71A26F20D98009F3E75 /* Main.storyboard in Resources */ = {isa = PBXBuildFile; fileRef = 782AC71826F20D98009F3E75 /* Main.storyboard */; };
		782AC71C26F20D9E009F3E75 /* Assets.xcassets in Resources */ = {isa = PBXBuildFile; fileRef = 782AC71B26F20D9E009F3E75 /* Assets.xcassets */; };
		782AC71F26F20D9E009F3E75 /* LaunchScreen.storyboard in Resources */ = {isa = PBXBuildFile; fileRef = 782AC71D26F20D9E009F3E75 /* LaunchScreen.storyboard */; };
		782AC72726F20DEC009F3E75 /* CollectionVC.swift in Sources */ = {isa = PBXBuildFile; fileRef = 782AC72626F20DEC009F3E75 /* CollectionVC.swift */; };
		782AC72926F20E3E009F3E75 /* CellVC.swift in Sources */ = {isa = PBXBuildFile; fileRef = 782AC72826F20E3E009F3E75 /* CellVC.swift */; };
		782AC72C26F20E51009F3E75 /* DataModel.swift in Sources */ = {isa = PBXBuildFile; fileRef = 782AC72B26F20E51009F3E75 /* DataModel.swift */; };
		782AC72F26F20F6A009F3E75 /* AppConstants.swift in Sources */ = {isa = PBXBuildFile; fileRef = 782AC72E26F20F6A009F3E75 /* AppConstants.swift */; };
/* End PBXBuildFile section */

/* Begin PBXFileReference section */
		782AC70F26F20D98009F3E75 /* eli task.app */ = {isa = PBXFileReference; explicitFileType = wrapper.application; includeInIndex = 0; path = "eli task.app"; sourceTree = BUILT_PRODUCTS_DIR; };
		782AC71226F20D98009F3E75 /* AppDelegate.swift */ = {isa = PBXFileReference; lastKnownFileType = sourcecode.swift; path = AppDelegate.swift; sourceTree = "<group>"; };
		782AC71426F20D98009F3E75 /* SceneDelegate.swift */ = {isa = PBXFileReference; lastKnownFileType = sourcecode.swift; path = SceneDelegate.swift; sourceTree = "<group>"; };
		782AC71926F20D98009F3E75 /* Base */ = {isa = PBXFileReference; lastKnownFileType = file.storyboard; name = Base; path = Base.lproj/Main.storyboard; sourceTree = "<group>"; };
		782AC71B26F20D9E009F3E75 /* Assets.xcassets */ = {isa = PBXFileReference; lastKnownFileType = folder.assetcatalog; path = Assets.xcassets; sourceTree = "<group>"; };
		782AC71E26F20D9E009F3E75 /* Base */ = {isa = PBXFileReference; lastKnownFileType = file.storyboard; name = Base; path = Base.lproj/LaunchScreen.storyboard; sourceTree = "<group>"; };
		782AC72026F20D9E009F3E75 /* Info.plist */ = {isa = PBXFileReference; lastKnownFileType = text.plist.xml; path = Info.plist; sourceTree = "<group>"; };
		782AC72626F20DEC009F3E75 /* CollectionVC.swift */ = {isa = PBXFileReference; lastKnownFileType = sourcecode.swift; path = CollectionVC.swift; sourceTree = "<group>"; };
		782AC72826F20E3E009F3E75 /* CellVC.swift */ = {isa = PBXFileReference; lastKnownFileType = sourcecode.swift; path = CellVC.swift; sourceTree = "<group>"; };
		782AC72B26F20E51009F3E75 /* DataModel.swift */ = {isa = PBXFileReference; lastKnownFileType = sourcecode.swift; path = DataModel.swift; sourceTree = "<group>"; };
		782AC72E26F20F6A009F3E75 /* AppConstants.swift */ = {isa = PBXFileReference; lastKnownFileType = sourcecode.swift; path = AppConstants.swift; sourceTree = "<group>"; };
/* End PBXFileReference section */

/* Begin PBXFrameworksBuildPhase section */
		782AC70C26F20D98009F3E75 /* Frameworks */ = {
			isa = PBXFrameworksBuildPhase;
			buildActionMask = 2147483647;
			files = (
			);
			runOnlyForDeploymentPostprocessing = 0;
		};
/* End PBXFrameworksBuildPhase section */

/* Begin PBXGroup section */
		782AC70626F20D98009F3E75 = {
			isa = PBXGroup;
			children = (
				782AC71126F20D98009F3E75 /* eli task */,
				782AC71026F20D98009F3E75 /* Products */,
			);
			sourceTree = "<group>";
		};
		782AC71026F20D98009F3E75 /* Products */ = {
			isa = PBXGroup;
			children = (
				782AC70F26F20D98009F3E75 /* eli task.app */,
			);
			name = Products;
			sourceTree = "<group>";
		};
		782AC71126F20D98009F3E75 /* eli task */ = {
			isa = PBXGroup;
			children = (
				782AC72E26F20F6A009F3E75 /* AppConstants.swift */,
				782AC71226F20D98009F3E75 /* AppDelegate.swift */,
				782AC71426F20D98009F3E75 /* SceneDelegate.swift */,
				782AC72D26F20E59009F3E75 /* Model */,
				782AC72A26F20E43009F3E75 /* VC */,
				782AC71826F20D98009F3E75 /* Main.storyboard */,
				782AC71B26F20D9E009F3E75 /* Assets.xcassets */,
				782AC71D26F20D9E009F3E75 /* LaunchScreen.storyboard */,
				782AC72026F20D9E009F3E75 /* Info.plist */,
			);
			path = "eli task";
			sourceTree = "<group>";
		};
		782AC72A26F20E43009F3E75 /* VC */ = {
			isa = PBXGroup;
			children = (
				782AC72626F20DEC009F3E75 /* CollectionVC.swift */,
				782AC72826F20E3E009F3E75 /* CellVC.swift */,
			);
			path = VC;
			sourceTree = "<group>";
		};
		782AC72D26F20E59009F3E75 /* Model */ = {
			isa = PBXGroup;
			children = (
				782AC72B26F20E51009F3E75 /* DataModel.swift */,
			);
			path = Model;
			sourceTree = "<group>";
		};
/* End PBXGroup section */

/* Begin PBXNativeTarget section */
		782AC70E26F20D98009F3E75 /* eli task */ = {
			isa = PBXNativeTarget;
			buildConfigurationList = 782AC72326F20D9E009F3E75 /* Build configuration list for PBXNativeTarget "eli task" */;
			buildPhases = (
				782AC70B26F20D98009F3E75 /* Sources */,
				782AC70C26F20D98009F3E75 /* Frameworks */,
				782AC70D26F20D98009F3E75 /* Resources */,
			);
			buildRules = (
			);
			dependencies = (
			);
			name = "eli task";
			productName = "eli task";
			productReference = 782AC70F26F20D98009F3E75 /* eli task.app */;
			productType = "com.apple.product-type.application";
		};
/* End PBXNativeTarget section */

/* Begin PBXProject section */
		782AC70726F20D98009F3E75 /* Project object */ = {
			isa = PBXProject;
			attributes = {
				LastSwiftUpdateCheck = 1130;
				LastUpgradeCheck = 1130;
				ORGANIZATIONNAME = DSoft;
				TargetAttributes = {
					782AC70E26F20D98009F3E75 = {
						CreatedOnToolsVersion = 11.3.1;
					};
				};
			};
			buildConfigurationList = 782AC70A26F20D98009F3E75 /* Build configuration list for PBXProject "eli task" */;
			compatibilityVersion = "Xcode 9.3";
			developmentRegion = en;
			hasScannedForEncodings = 0;
			knownRegions = (
				en,
				Base,
			);
			mainGroup = 782AC70626F20D98009F3E75;
			productRefGroup = 782AC71026F20D98009F3E75 /* Products */;
			projectDirPath = "";
			projectRoot = "";
			targets = (
				782AC70E26F20D98009F3E75 /* eli task */,
			);
		};
/* End PBXProject section */

/* Begin PBXResourcesBuildPhase section */
		782AC70D26F20D98009F3E75 /* Resources */ = {
			isa = PBXResourcesBuildPhase;
			buildActionMask = 2147483647;
			files = (
				782AC71F26F20D9E009F3E75 /* LaunchScreen.storyboard in Resources */,
				782AC71C26F20D9E009F3E75 /* Assets.xcassets in Resources */,
				782AC71A26F20D98009F3E75 /* Main.storyboard in Resources */,
			);
			runOnlyForDeploymentPostprocessing = 0;
		};
/* End PBXResourcesBuildPhase section */

/* Begin PBXSourcesBuildPhase section */
		782AC70B26F20D98009F3E75 /* Sources */ = {
			isa = PBXSourcesBuildPhase;
			buildActionMask = 2147483647;
			files = (
				782AC72C26F20E51009F3E75 /* DataModel.swift in Sources */,
				782AC72F26F20F6A009F3E75 /* AppConstants.swift in Sources */,
				782AC72926F20E3E009F3E75 /* CellVC.swift in Sources */,
				782AC71326F20D98009F3E75 /* AppDelegate.swift in Sources */,
				782AC72726F20DEC009F3E75 /* CollectionVC.swift in Sources */,
				782AC71526F20D98009F3E75 /* SceneDelegate.swift in Sources */,
			);
			runOnlyForDeploymentPostprocessing = 0;
		};
/* End PBXSourcesBuildPhase section */

/* Begin PBXVariantGroup section */
		782AC71826F20D98009F3E75 /* Main.storyboard */ = {
			isa = PBXVariantGroup;
			children = (
				782AC71926F20D98009F3E75 /* Base */,
			);
			name = Main.storyboard;
			sourceTree = "<group>";
		};
		782AC71D26F20D9E009F3E75 /* LaunchScreen.storyboard */ = {
			isa = PBXVariantGroup;
			children = (
				782AC71E26F20D9E009F3E75 /* Base */,
			);
			name = LaunchScreen.storyboard;
			sourceTree = "<group>";
		};
/* End PBXVariantGroup section */

/* Begin XCBuildConfiguration section */
		782AC72126F20D9E009F3E75 /* Debug */ = {
			isa = XCBuildConfiguration;
			buildSettings = {
				ALWAYS_SEARCH_USER_PATHS = NO;
				CLANG_ANALYZER_NONNULL = YES;
				CLANG_ANALYZER_NUMBER_OBJECT_CONVERSION = YES_AGGRESSIVE;
				CLANG_CXX_LANGUAGE_STANDARD = "gnu++14";
				CLANG_CXX_LIBRARY = "libc++";
				CLANG_ENABLE_MODULES = YES;
				CLANG_ENABLE_OBJC_ARC = YES;
				CLANG_ENABLE_OBJC_WEAK = YES;
				CLANG_WARN_BLOCK_CAPTURE_AUTORELEASING = YES;
				CLANG_WARN_BOOL_CONVERSION = YES;
				CLANG_WARN_COMMA = YES;
				CLANG_WARN_CONSTANT_CONVERSION = YES;
				CLANG_WARN_DEPRECATED_OBJC_IMPLEMENTATIONS = YES;
				CLANG_WARN_DIRECT_OBJC_ISA_USAGE = YES_ERROR;
				CLANG_WARN_DOCUMENTATION_COMMENTS = YES;
				CLANG_WARN_EMPTY_BODY = YES;
				CLANG_WARN_ENUM_CONVERSION = YES;
				CLANG_WARN_INFINITE_RECURSION = YES;
				CLANG_WARN_INT_CONVERSION = YES;
				CLANG_WARN_NON_LITERAL_NULL_CONVERSION = YES;
				CLANG_WARN_OBJC_IMPLICIT_RETAIN_SELF = YES;
				CLANG_WARN_OBJC_LITERAL_CONVERSION = YES;
				CLANG_WARN_OBJC_ROOT_CLASS = YES_ERROR;
				CLANG_WARN_RANGE_LOOP_ANALYSIS = YES;
				CLANG_WARN_STRICT_PROTOTYPES = YES;
				CLANG_WARN_SUSPICIOUS_MOVE = YES;
				CLANG_WARN_UNGUARDED_AVAILABILITY = YES_AGGRESSIVE;
				CLANG_WARN_UNREACHABLE_CODE = YES;
				CLANG_WARN__DUPLICATE_METHOD_MATCH = YES;
				COPY_PHASE_STRIP = NO;
				DEBUG_INFORMATION_FORMAT = dwarf;
				ENABLE_STRICT_OBJC_MSGSEND = YES;
				ENABLE_TESTABILITY = YES;
				GCC_C_LANGUAGE_STANDARD = gnu11;
				GCC_DYNAMIC_NO_PIC = NO;
				GCC_NO_COMMON_BLOCKS = YES;
				GCC_OPTIMIZATION_LEVEL = 0;
				GCC_PREPROCESSOR_DEFINITIONS = (
					"DEBUG=1",
					"$(inherited)",
				);
				GCC_WARN_64_TO_32_BIT_CONVERSION = YES;
				GCC_WARN_ABOUT_RETURN_TYPE = YES_ERROR;
				GCC_WARN_UNDECLARED_SELECTOR = YES;
				GCC_WARN_UNINITIALIZED_AUTOS = YES_AGGRESSIVE;
				GCC_WARN_UNUSED_FUNCTION = YES;
				GCC_WARN_UNUSED_VARIABLE = YES;
				IPHONEOS_DEPLOYMENT_TARGET = 13.2;
				MTL_ENABLE_DEBUG_INFO = INCLUDE_SOURCE;
				MTL_FAST_MATH = YES;
				ONLY_ACTIVE_ARCH = YES;
				SDKROOT = iphoneos;
				SWIFT_ACTIVE_COMPILATION_CONDITIONS = DEBUG;
				SWIFT_OPTIMIZATION_LEVEL = "-Onone";
			};
			name = Debug;
		};
		782AC72226F20D9E009F3E75 /* Release */ = {
			isa = XCBuildConfiguration;
			buildSettings = {
				ALWAYS_SEARCH_USER_PATHS = NO;
				CLANG_ANALYZER_NONNULL = YES;
				CLANG_ANALYZER_NUMBER_OBJECT_CONVERSION = YES_AGGRESSIVE;
				CLANG_CXX_LANGUAGE_STANDARD = "gnu++14";
				CLANG_CXX_LIBRARY = "libc++";
				CLANG_ENABLE_MODULES = YES;
				CLANG_ENABLE_OBJC_ARC = YES;
				CLANG_ENABLE_OBJC_WEAK = YES;
				CLANG_WARN_BLOCK_CAPTURE_AUTORELEASING = YES;
				CLANG_WARN_BOOL_CONVERSION = YES;
				CLANG_WARN_COMMA = YES;
				CLANG_WARN_CONSTANT_CONVERSION = YES;
				CLANG_WARN_DEPRECATED_OBJC_IMPLEMENTATIONS = YES;
				CLANG_WARN_DIRECT_OBJC_ISA_USAGE = YES_ERROR;
				CLANG_WARN_DOCUMENTATION_COMMENTS = YES;
				CLANG_WARN_EMPTY_BODY = YES;
				CLANG_WARN_ENUM_CONVERSION = YES;
				CLANG_WARN_INFINITE_RECURSION = YES;
				CLANG_WARN_INT_CONVERSION = YES;
				CLANG_WARN_NON_LITERAL_NULL_CONVERSION = YES;
				CLANG_WARN_OBJC_IMPLICIT_RETAIN_SELF = YES;
				CLANG_WARN_OBJC_LITERAL_CONVERSION = YES;
				CLANG_WARN_OBJC_ROOT_CLASS = YES_ERROR;
				CLANG_WARN_RANGE_LOOP_ANALYSIS = YES;
				CLANG_WARN_STRICT_PROTOTYPES = YES;
				CLANG_WARN_SUSPICIOUS_MOVE = YES;
				CLANG_WARN_UNGUARDED_AVAILABILITY = YES_AGGRESSIVE;
				CLANG_WARN_UNREACHABLE_CODE = YES;
				CLANG_WARN__DUPLICATE_METHOD_MATCH = YES;
				COPY_PHASE_STRIP = NO;
				DEBUG_INFORMATION_FORMAT = "dwarf-with-dsym";
				ENABLE_NS_ASSERTIONS = NO;
				ENABLE_STRICT_OBJC_MSGSEND = YES;
				GCC_C_LANGUAGE_STANDARD = gnu11;
				GCC_NO_COMMON_BLOCKS = YES;
				GCC_WARN_64_TO_32_BIT_CONVERSION = YES;
				GCC_WARN_ABOUT_RETURN_TYPE = YES_ERROR;
				GCC_WARN_UNDECLARED_SELECTOR = YES;
				GCC_WARN_UNINITIALIZED_AUTOS = YES_AGGRESSIVE;
				GCC_WARN_UNUSED_FUNCTION = YES;
				GCC_WARN_UNUSED_VARIABLE = YES;
				IPHONEOS_DEPLOYMENT_TARGET = 13.2;
				MTL_ENABLE_DEBUG_INFO = NO;
				MTL_FAST_MATH = YES;
				SDKROOT = iphoneos;
				SWIFT_COMPILATION_MODE = wholemodule;
				SWIFT_OPTIMIZATION_LEVEL = "-O";
				VALIDATE_PRODUCT = YES;
			};
			name = Release;
		};
		782AC72426F20D9E009F3E75 /* Debug */ = {
			isa = XCBuildConfiguration;
			buildSettings = {
				ASSETCATALOG_COMPILER_APPICON_NAME = AppIcon;
				CODE_SIGN_STYLE = Automatic;
				INFOPLIST_FILE = "eli task/Info.plist";
				LD_RUNPATH_SEARCH_PATHS = (
					"$(inherited)",
					"@executable_path/Frameworks",
				);
				PRODUCT_BUNDLE_IDENTIFIER = "dsoft.eli-task";
				PRODUCT_NAME = "$(TARGET_NAME)";
				SWIFT_VERSION = 5.0;
				TARGETED_DEVICE_FAMILY = "1,2";
			};
			name = Debug;
		};
		782AC72526F20D9E009F3E75 /* Release */ = {
			isa = XCBuildConfiguration;
			buildSettings = {
				ASSETCATALOG_COMPILER_APPICON_NAME = AppIcon;
				CODE_SIGN_STYLE = Automatic;
				INFOPLIST_FILE = "eli task/Info.plist";
				LD_RUNPATH_SEARCH_PATHS = (
					"$(inherited)",
					"@executable_path/Frameworks",
				);
				PRODUCT_BUNDLE_IDENTIFIER = "dsoft.eli-task";
				PRODUCT_NAME = "$(TARGET_NAME)";
				SWIFT_VERSION = 5.0;
				TARGETED_DEVICE_FAMILY = "1,2";
			};
			name = Release;
		};
/* End XCBuildConfiguration section */

/* Begin XCConfigurationList section */
		782AC70A26F20D98009F3E75 /* Build configuration list for PBXProject "eli task" */ = {
			isa = XCConfigurationList;
			buildConfigurations = (
				782AC72126F20D9E009F3E75 /* Debug */,
				782AC72226F20D9E009F3E75 /* Release */,
			);
			defaultConfigurationIsVisible = 0;
			defaultConfigurationName = Release;
		};
		782AC72326F20D9E009F3E75 /* Build configuration list for PBXNativeTarget "eli task" */ = {
			isa = XCConfigurationList;
			buildConfigurations = (
				782AC72426F20D9E009F3E75 /* Debug */,
				782AC72526F20D9E009F3E75 /* Release */,
			);
			defaultConfigurationIsVisible = 0;
			defaultConfigurationName = Release;
		};
/* End XCConfigurationList section */
	};
	rootObject = 782AC70726F20D98009F3E75 /* Project object */;
}
